
Microsoft Visual Studio Solution File, Format Version 12.00
Project("{FAE04EC0-301F-11D3-BF4B-00C04F79EFBC}") = "RpnCalculator.ShuntingYardAlgorithm", "RpnCalculator.ShuntingYardAlgorithm\RpnCalculator.ShuntingYardAlgorithm.csproj", "{4431A4FB-B9A9-4984-BDE5-C5179D4658FF}"
EndProject
Project("{FAE04EC0-301F-11D3-BF4B-00C04F79EFBC}") = "RpnCalculator.Evaluator", "RpnCalculator.Evaluator\RpnCalculator.Evaluator.csproj", "{368312BE-101D-41D0-8F5D-550EC2495510}"
EndProject
Project("{FAE04EC0-301F-11D3-BF4B-00C04F79EFBC}") = "RpnCalculator.Evaluator.Tests", "RpnCalculator.Evaluator.Tests\RpnCalculator.Evaluator.Tests.csproj", "{7A293123-5128-46CB-841E-464BAA8A6EEC}"
EndProject
Project("{FAE04EC0-301F-11D3-BF4B-00C04F79EFBC}") = "RpnCalculator.ShuntingYardAlgorithm.Tests", "RpnCalculator.ShuntingYardAlgorithm.Tests\RpnCalculator.ShuntingYardAlgorithm.Tests.csproj", "{0C3829CE-DDDA-4CFA-91B5-F78B0A169E57}"
EndProject
Project("{FAE04EC0-301F-11D3-BF4B-00C04F79EFBC}") = "RpnCalculator.UI", "RpnCalculator.UI\RpnCalculator.UI.csproj", "{24DD99B5-CBD3-4215-8C20-C91748D86ADE}"
EndProject
Project("{FAE04EC0-301F-11D3-BF4B-00C04F79EFBC}") = "RpnCalculator.Operator", "RpnCalculator.Operator\RpnCalculator.Operator.csproj", "{D5A10377-5830-408F-A57C-44A549BFE150}"
EndProject
Project("{FAE04EC0-301F-11D3-BF4B-00C04F79EFBC}") = "RpnCalculator.Operator.Tests", "RpnCalculator.Operator.Tests\RpnCalculator.Operator.Tests.csproj", "{0A7DB190-5C59-4150-8302-03C536368ACF}"
EndProject
Global
	GlobalSection(SolutionConfigurationPlatforms) = preSolution
		Debug|Any CPU = Debug|Any CPU
		Release|Any CPU = Release|Any CPU
	EndGlobalSection
	GlobalSection(ProjectConfigurationPlatforms) = postSolution
		{4431A4FB-B9A9-4984-BDE5-C5179D4658FF}.Debug|Any CPU.ActiveCfg = Debug|Any CPU
		{4431A4FB-B9A9-4984-BDE5-C5179D4658FF}.Debug|Any CPU.Build.0 = Debug|Any CPU
		{4431A4FB-B9A9-4984-BDE5-C5179D4658FF}.Release|Any CPU.ActiveCfg = Release|Any CPU
		{4431A4FB-B9A9-4984-BDE5-C5179D4658FF}.Release|Any CPU.Build.0 = Release|Any CPU
		{368312BE-101D-41D0-8F5D-550EC2495510}.Debug|Any CPU.ActiveCfg = Debug|Any CPU
		{368312BE-101D-41D0-8F5D-550EC2495510}.Debug|Any CPU.Build.0 = Debug|Any CPU
		{368312BE-101D-41D0-8F5D-550EC2495510}.Release|Any CPU.ActiveCfg = Release|Any CPU
		{368312BE-101D-41D0-8F5D-550EC2495510}.Release|Any CPU.Build.0 = Release|Any CPU
		{7A293123-5128-46CB-841E-464BAA8A6EEC}.Debug|Any CPU.ActiveCfg = Debug|Any CPU
		{7A293123-5128-46CB-841E-464BAA8A6EEC}.Debug|Any CPU.Build.0 = Debug|Any CPU
		{7A293123-5128-46CB-841E-464BAA8A6EEC}.Release|Any CPU.ActiveCfg = Release|Any CPU
		{7A293123-5128-46CB-841E-464BAA8A6EEC}.Release|Any CPU.Build.0 = Release|Any CPU
		{0C3829CE-DDDA-4CFA-91B5-F78B0A169E57}.Debug|Any CPU.ActiveCfg = Debug|Any CPU
		{0C3829CE-DDDA-4CFA-91B5-F78B0A169E57}.Debug|Any CPU.Build.0 = Debug|Any CPU
		{0C3829CE-DDDA-4CFA-91B5-F78B0A169E57}.Release|Any CPU.ActiveCfg = Release|Any CPU
		{0C3829CE-DDDA-4CFA-91B5-F78B0A169E57}.Release|Any CPU.Build.0 = Release|Any CPU
		{24DD99B5-CBD3-4215-8C20-C91748D86ADE}.Debug|Any CPU.ActiveCfg = Debug|Any CPU
		{24DD99B5-CBD3-4215-8C20-C91748D86ADE}.Debug|Any CPU.Build.0 = Debug|Any CPU
		{24DD99B5-CBD3-4215-8C20-C91748D86ADE}.Release|Any CPU.ActiveCfg = Release|Any CPU
		{24DD99B5-CBD3-4215-8C20-C91748D86ADE}.Release|Any CPU.Build.0 = Release|Any CPU
		{D5A10377-5830-408F-A57C-44A549BFE150}.Debug|Any CPU.ActiveCfg = Debug|Any CPU
		{D5A10377-5830-408F-A57C-44A549BFE150}.Debug|Any CPU.Build.0 = Debug|Any CPU
		{D5A10377-5830-408F-A57C-44A549BFE150}.Release|Any CPU.ActiveCfg = Release|Any CPU
		{D5A10377-5830-408F-A57C-44A549BFE150}.Release|Any CPU.Build.0 = Release|Any CPU
		{0A7DB190-5C59-4150-8302-03C536368ACF}.Debug|Any CPU.ActiveCfg = Debug|Any CPU
		{0A7DB190-5C59-4150-8302-03C536368ACF}.Debug|Any CPU.Build.0 = Debug|Any CPU
		{0A7DB190-5C59-4150-8302-03C536368ACF}.Release|Any CPU.ActiveCfg = Release|Any CPU
		{0A7DB190-5C59-4150-8302-03C536368ACF}.Release|Any CPU.Build.0 = Release|Any CPU
	EndGlobalSection
EndGlobal
